Microsoft Visual Studio Solution File, Format Version 12.00
# Visual Studio Version 17
VisualStudioVersion = 17.5.2.0
MinimumVisualStudioVersion = 10.0.40219.1
Project("{FAE04EC0-301F-11D3-BF4B-00C04F79EFBC}") = "BudgetAPI", "BudgetAPI.csproj", "{40DD3F4B-4D8F-EC60-9B0E-99A670203233}"
EndProject
Global
	GlobalSection(SolutionConfigurationPlatforms) = preSolution
		Debug|Any CPU = Debug|Any CPU
		Release|Any CPU = Release|Any CPU
	EndGlobalSection
	GlobalSection(ProjectConfigurationPlatforms) = postSolution
		{40DD3F4B-4D8F-EC60-9B0E-99A670203233}.Debug|Any CPU.ActiveCfg = Debug|Any CPU
		{40DD3F4B-4D8F-EC60-9B0E-99A670203233}.Debug|Any CPU.Build.0 = Debug|Any CPU
		{40DD3F4B-4D8F-EC60-9B0E-99A670203233}.Release|Any CPU.ActiveCfg = Release|Any CPU
		{40DD3F4B-4D8F-EC60-9B0E-99A670203233}.Release|Any CPU.Build.0 = Release|Any CPU
	EndGlobalSection
	GlobalSection(SolutionProperties) = preSolution
		HideSolutionNode = FALSE
	EndGlobalSection
	GlobalSection(ExtensibilityGlobals) = postSolution
		SolutionGuid = {4D8947F8-46A1-4A3C-9FFF-AA92BEF5B2A5}
	EndGlobalSection
EndGlobal
